// !$*UTF8*$!
{
	archiveVersion = 1;
	classes = {
	};
	objectVersion = 52;
	objects = {

/* Begin PBXBuildFile section */
		5E683344263512700017DAC9 /* SwiftPieChartDemoApp.swift in Sources */ = {isa = PBXBuildFile; fileRef = 5E683343263512700017DAC9 /* SwiftPieChartDemoApp.swift */; };
		5E683346263512700017DAC9 /* ContentView.swift in Sources */ = {isa = PBXBuildFile; fileRef = 5E683345263512700017DAC9 /* ContentView.swift */; };
		5E683348263512730017DAC9 /* Assets.xcassets in Resources */ = {isa = PBXBuildFile; fileRef = 5E683347263512730017DAC9 /* Assets.xcassets */; };
		5E68334B263512730017DAC9 /* Preview Assets.xcassets in Resources */ = {isa = PBXBuildFile; fileRef = 5E68334A263512730017DAC9 /* Preview Assets.xcassets */; };
		5E683356263512730017DAC9 /* SwiftPieChartDemoTests.swift in Sources */ = {isa = PBXBuildFile; fileRef = 5E683355263512730017DAC9 /* SwiftPieChartDemoTests.swift */; };
		5E683361263512730017DAC9 /* SwiftPieChartDemoUITests.swift in Sources */ = {isa = PBXBuildFile; fileRef = 5E683360263512730017DAC9 /* SwiftPieChartDemoUITests.swift */; };
		5E683373263513D10017DAC9 /* SwiftPieChart in Frameworks */ = {isa = PBXBuildFile; productRef = 5E683372263513D10017DAC9 /* SwiftPieChart */; };
/* End PBXBuildFile section */

/* Begin PBXContainerItemProxy section */
		5E683352263512730017DAC9 /* PBXContainerItemProxy */ = {
			isa = PBXContainerItemProxy;
			containerPortal = 5E683338263512700017DAC9 /* Project object */;
			proxyType = 1;
			remoteGlobalIDString = 5E68333F263512700017DAC9;
			remoteInfo = SwiftPieChartDemo;
		};
		5E68335D263512730017DAC9 /* PBXContainerItemProxy */ = {
			isa = PBXContainerItemProxy;
			containerPortal = 5E683338263512700017DAC9 /* Project object */;
			proxyType = 1;
			remoteGlobalIDString = 5E68333F263512700017DAC9;
			remoteInfo = SwiftPieChartDemo;
		};
/* End PBXContainerItemProxy section */

/* Begin PBXFileReference section */
		5E683340263512700017DAC9 /* SwiftPieChartDemo.app */ = {isa = PBXFileReference; explicitFileType = wrapper.application; includeInIndex = 0; path = SwiftPieChartDemo.app; sourceTree = BUILT_PRODUCTS_DIR; };
		5E683343263512700017DAC9 /* SwiftPieChartDemoApp.swift */ = {isa = PBXFileReference; lastKnownFileType = sourcecode.swift; path = SwiftPieChartDemoApp.swift; sourceTree = "<group>"; };
		5E683345263512700017DAC9 /* ContentView.swift */ = {isa = PBXFileReference; lastKnownFileType = sourcecode.swift; path = ContentView.swift; sourceTree = "<group>"; };
		5E683347263512730017DAC9 /* Assets.xcassets */ = {isa = PBXFileReference; lastKnownFileType = folder.assetcatalog; path = Assets.xcassets; sourceTree = "<group>"; };
		5E68334A263512730017DAC9 /* Preview Assets.xcassets */ = {isa = PBXFileReference; lastKnownFileType = folder.assetcatalog; path = "Preview Assets.xcassets"; sourceTree = "<group>"; };
		5E68334C263512730017DAC9 /* Info.plist */ = {isa = PBXFileReference; lastKnownFileType = text.plist.xml; path = Info.plist; sourceTree = "<group>"; };
		5E683351263512730017DAC9 /* SwiftPieChartDemoTests.xctest */ = {isa = PBXFileReference; explicitFileType = wrapper.cfbundle; includeInIndex = 0; path = SwiftPieChartDemoTests.xctest; sourceTree = BUILT_PRODUCTS_DIR; };
		5E683355263512730017DAC9 /* SwiftPieChartDemoTests.swift */ = {isa = PBXFileReference; lastKnownFileType = sourcecode.swift; path = SwiftPieChartDemoTests.swift; sourceTree = "<group>"; };
		5E683357263512730017DAC9 /* Info.plist */ = {isa = PBXFileReference; lastKnownFileType = text.plist.xml; path = Info.plist; sourceTree = "<group>"; };
		5E68335C263512730017DAC9 /* SwiftPieChartDemoUITests.xctest */ = {isa = PBXFileReference; explicitFileType = wrapper.cfbundle; includeInIndex = 0; path = SwiftPieChartDemoUITests.xctest; sourceTree = BUILT_PRODUCTS_DIR; };
		5E683360263512730017DAC9 /* SwiftPieChartDemoUITests.swift */ = {isa = PBXFileReference; lastKnownFileType = sourcecode.swift; path = SwiftPieChartDemoUITests.swift; sourceTree = "<group>"; };
		5E683362263512730017DAC9 /* Info.plist */ = {isa = PBXFileReference; lastKnownFileType = text.plist.xml; path = Info.plist; sourceTree = "<group>"; };
/* End PBXFileReference section */

/* Begin PBXFrameworksBuildPhase section */
		5E68333D263512700017DAC9 /* Frameworks */ = {
			isa = PBXFrameworksBuildPhase;
			buildActionMask = 2147483647;
			files = (
				5E683373263513D10017DAC9 /* SwiftPieChart in Frameworks */,
			);
			runOnlyForDeploymentPostprocessing = 0;
		};
		5E68334E263512730017DAC9 /* Frameworks */ = {
			isa = PBXFrameworksBuildPhase;
			buildActionMask = 2147483647;
			files = (
			);
			runOnlyForDeploymentPostprocessing = 0;
		};
		5E683359263512730017DAC9 /* Frameworks */ = {
			isa = PBXFrameworksBuildPhase;
			buildActionMask = 2147483647;
			files = (
			);
			runOnlyForDeploymentPostprocessing = 0;
		};
/* End PBXFrameworksBuildPhase section */

/* Begin PBXGroup section */
		5E683337263512700017DAC9 = {
			isa = PBXGroup;
			children = (
				5E683342263512700017DAC9 /* SwiftPieChartDemo */,
				5E683354263512730017DAC9 /* SwiftPieChartDemoTests */,
				5E68335F263512730017DAC9 /* SwiftPieChartDemoUITests */,
				5E683341263512700017DAC9 /* Products */,
			);
			sourceTree = "<group>";
		};
		5E683341263512700017DAC9 /* Products */ = {
			isa = PBXGroup;
			children = (
				5E683340263512700017DAC9 /* SwiftPieChartDemo.app */,
				5E683351263512730017DAC9 /* SwiftPieChartDemoTests.xctest */,
				5E68335C263512730017DAC9 /* SwiftPieChartDemoUITests.xctest */,
			);
			name = Products;
			sourceTree = "<group>";
		};
		5E683342263512700017DAC9 /* SwiftPieChartDemo */ = {
			isa = PBXGroup;
			children = (
				5E683343263512700017DAC9 /* SwiftPieChartDemoApp.swift */,
				5E683345263512700017DAC9 /* ContentView.swift */,
				5E683347263512730017DAC9 /* Assets.xcassets */,
				5E68334C263512730017DAC9 /* Info.plist */,
				5E683349263512730017DAC9 /* Preview Content */,
			);
			path = SwiftPieChartDemo;
			sourceTree = "<group>";
		};
		5E683349263512730017DAC9 /* Preview Content */ = {
			isa = PBXGroup;
			children = (
				5E68334A263512730017DAC9 /* Preview Assets.xcassets */,
			);
			path = "Preview Content";
			sourceTree = "<group>";
		};
		5E683354263512730017DAC9 /* SwiftPieChartDemoTests */ = {
			isa = PBXGroup;
			children = (
				5E683355263512730017DAC9 /* SwiftPieChartDemoTests.swift */,
				5E683357263512730017DAC9 /* Info.plist */,
			);
			path = SwiftPieChartDemoTests;
			sourceTree = "<group>";
		};
		5E68335F263512730017DAC9 /* SwiftPieChartDemoUITests */ = {
			isa = PBXGroup;
			children = (
				5E683360263512730017DAC9 /* SwiftPieChartDemoUITests.swift */,
				5E683362263512730017DAC9 /* Info.plist */,
			);
			path = SwiftPieChartDemoUITests;
			sourceTree = "<group>";
		};
/* End PBXGroup section */

/* Begin PBXNativeTarget section */
		5E68333F263512700017DAC9 /* SwiftPieChartDemo */ = {
			isa = PBXNativeTarget;
			buildConfigurationList = 5E683365263512730017DAC9 /* Build configuration list for PBXNativeTarget "SwiftPieChartDemo" */;
			buildPhases = (
				5E68333C263512700017DAC9 /* Sources */,
				5E68333D263512700017DAC9 /* Frameworks */,
				5E68333E263512700017DAC9 /* Resources */,
			);
			buildRules = (
			);
			dependencies = (
			);
			name = SwiftPieChartDemo;
			packageProductDependencies = (
				5E683372263513D10017DAC9 /* SwiftPieChart */,
			);
			productName = SwiftPieChartDemo;
			productReference = 5E683340263512700017DAC9 /* SwiftPieChartDemo.app */;
			productType = "com.apple.product-type.application";
		};
		5E683350263512730017DAC9 /* SwiftPieChartDemoTests */ = {
			isa = PBXNativeTarget;
			buildConfigurationList = 5E683368263512730017DAC9 /* Build configuration list for PBXNativeTarget "SwiftPieChartDemoTests" */;
			buildPhases = (
				5E68334D263512730017DAC9 /* Sources */,
				5E68334E263512730017DAC9 /* Frameworks */,
				5E68334F263512730017DAC9 /* Resources */,
			);
			buildRules = (
			);
			dependencies = (
				5E683353263512730017DAC9 /* PBXTargetDependency */,
			);
			name = SwiftPieChartDemoTests;
			productName = SwiftPieChartDemoTests;
			productReference = 5E683351263512730017DAC9 /* SwiftPieChartDemoTests.xctest */;
			productType = "com.apple.product-type.bundle.unit-test";
		};
		5E68335B263512730017DAC9 /* SwiftPieChartDemoUITests */ = {
			isa = PBXNativeTarget;
			buildConfigurationList = 5E68336B263512730017DAC9 /* Build configuration list for PBXNativeTarget "SwiftPieChartDemoUITests" */;
			buildPhases = (
				5E683358263512730017DAC9 /* Sources */,
				5E683359263512730017DAC9 /* Frameworks */,
				5E68335A263512730017DAC9 /* Resources */,
			);
			buildRules = (
			);
			dependencies = (
				5E68335E263512730017DAC9 /* PBXTargetDependency */,
			);
			name = SwiftPieChartDemoUITests;
			productName = SwiftPieChartDemoUITests;
			productReference = 5E68335C263512730017DAC9 /* SwiftPieChartDemoUITests.xctest */;
			productType = "com.apple.product-type.bundle.ui-testing";
		};
/* End PBXNativeTarget section */

/* Begin PBXProject section */
		5E683338263512700017DAC9 /* Project object */ = {
			isa = PBXProject;
			attributes = {
				LastSwiftUpdateCheck = 1230;
				LastUpgradeCheck = 1230;
				TargetAttributes = {
					5E68333F263512700017DAC9 = {
						CreatedOnToolsVersion = 12.3;
					};
					5E683350263512730017DAC9 = {
						CreatedOnToolsVersion = 12.3;
						TestTargetID = 5E68333F263512700017DAC9;
					};
					5E68335B263512730017DAC9 = {
						CreatedOnToolsVersion = 12.3;
						TestTargetID = 5E68333F263512700017DAC9;
					};
				};
			};
			buildConfigurationList = 5E68333B263512700017DAC9 /* Build configuration list for PBXProject "SwiftPieChartDemo" */;
			compatibilityVersion = "Xcode 9.3";
			developmentRegion = en;
			hasScannedForEncodings = 0;
			knownRegions = (
				en,
				Base,
			);
			mainGroup = 5E683337263512700017DAC9;
			packageReferences = (
				5E683371263513D10017DAC9 /* XCRemoteSwiftPackageReference "SwiftPieChart" */,
			);
			productRefGroup = 5E683341263512700017DAC9 /* Products */;
			projectDirPath = "";
			projectRoot = "";
			targets = (
				5E68333F263512700017DAC9 /* SwiftPieChartDemo */,
				5E683350263512730017DAC9 /* SwiftPieChartDemoTests */,
				5E68335B263512730017DAC9 /* SwiftPieChartDemoUITests */,
			);
		};
/* End PBXProject section */

/* Begin PBXResourcesBuildPhase section */
		5E68333E263512700017DAC9 /* Resources */ = {
			isa = PBXResourcesBuildPhase;
			buildActionMask = 2147483647;
			files = (
				5E68334B263512730017DAC9 /* Preview Assets.xcassets in Resources */,
				5E683348263512730017DAC9 /* Assets.xcassets in Resources */,
			);
			runOnlyForDeploymentPostprocessing = 0;
		};
		5E68334F263512730017DAC9 /* Resources */ = {
			isa = PBXResourcesBuildPhase;
			buildActionMask = 2147483647;
			files = (
			);
			runOnlyForDeploymentPostprocessing = 0;
		};
		5E68335A263512730017DAC9 /* Resources */ = {
			isa = PBXResourcesBuildPhase;
			buildActionMask = 2147483647;
			files = (
			);
			runOnlyForDeploymentPostprocessing = 0;
		};
/* End PBXResourcesBuildPhase section */

/* Begin PBXSourcesBuildPhase section */
		5E68333C263512700017DAC9 /* Sources */ = {
			isa = PBXSourcesBuildPhase;
			buildActionMask = 2147483647;
			files = (
				5E683346263512700017DAC9 /* ContentView.swift in Sources */,
				5E683344263512700017DAC9 /* SwiftPieChartDemoApp.swift in Sources */,
			);
			runOnlyForDeploymentPostprocessing = 0;
		};
		5E68334D263512730017DAC9 /* Sources */ = {
			isa = PBXSourcesBuildPhase;
			buildActionMask = 2147483647;
			files = (
				5E683356263512730017DAC9 /* SwiftPieChartDemoTests.swift in Sources */,
			);
			runOnlyForDeploymentPostprocessing = 0;
		};
		5E683358263512730017DAC9 /* Sources */ = {
			isa = PBXSourcesBuildPhase;
			buildActionMask = 2147483647;
			files = (
				5E683361263512730017DAC9 /* SwiftPieChartDemoUITests.swift in Sources */,
			);
			runOnlyForDeploymentPostprocessing = 0;
		};
/* End PBXSourcesBuildPhase section */

/* Begin PBXTargetDependency section */
		5E683353263512730017DAC9 /* PBXTargetDependency */ = {
			isa = PBXTargetDependency;
			target = 5E68333F263512700017DAC9 /* SwiftPieChartDemo */;
			targetProxy = 5E683352263512730017DAC9 /* PBXContainerItemProxy */;
		};
		5E68335E263512730017DAC9 /* PBXTargetDependency */ = {
			isa = PBXTargetDependency;
			target = 5E68333F263512700017DAC9 /* SwiftPieChartDemo */;
			targetProxy = 5E68335D263512730017DAC9 /* PBXContainerItemProxy */;
		};
/* End PBXTargetDependency section */

/* Begin XCBuildConfiguration section */
		5E683363263512730017DAC9 /* Debug */ = {
			isa = XCBuildConfiguration;
			buildSettings = {
				ALWAYS_SEARCH_USER_PATHS = NO;
				CLANG_ANALYZER_NONNULL = YES;
				CLANG_ANALYZER_NUMBER_OBJECT_CONVERSION = YES_AGGRESSIVE;
				CLANG_CXX_LANGUAGE_STANDARD = "gnu++14";
				CLANG_CXX_LIBRARY = "libc++";
				CLANG_ENABLE_MODULES = YES;
				CLANG_ENABLE_OBJC_ARC = YES;
				CLANG_ENABLE_OBJC_WEAK = YES;
				CLANG_WARN_BLOCK_CAPTURE_AUTORELEASING = YES;
				CLANG_WARN_BOOL_CONVERSION = YES;
				CLANG_WARN_COMMA = YES;
				CLANG_WARN_CONSTANT_CONVERSION = YES;
				CLANG_WARN_DEPRECATED_OBJC_IMPLEMENTATIONS = YES;
				CLANG_WARN_DIRECT_OBJC_ISA_USAGE = YES_ERROR;
				CLANG_WARN_DOCUMENTATION_COMMENTS = YES;
				CLANG_WARN_EMPTY_BODY = YES;
				CLANG_WARN_ENUM_CONVERSION = YES;
				CLANG_WARN_INFINITE_RECURSION = YES;
				CLANG_WARN_INT_CONVERSION = YES;
				CLANG_WARN_NON_LITERAL_NULL_CONVERSION = YES;
				CLANG_WARN_OBJC_IMPLICIT_RETAIN_SELF = YES;
				CLANG_WARN_OBJC_LITERAL_CONVERSION = YES;
				CLANG_WARN_OBJC_ROOT_CLASS = YES_ERROR;
				CLANG_WARN_QUOTED_INCLUDE_IN_FRAMEWORK_HEADER = YES;
				CLANG_WARN_RANGE_LOOP_ANALYSIS = YES;
				CLANG_WARN_STRICT_PROTOTYPES = YES;
				CLANG_WARN_SUSPICIOUS_MOVE = YES;
				CLANG_WARN_UNGUARDED_AVAILABILITY = YES_AGGRESSIVE;
				CLANG_WARN_UNREACHABLE_CODE = YES;
				CLANG_WARN__DUPLICATE_METHOD_MATCH = YES;
				COPY_PHASE_STRIP = NO;
				DEBUG_INFORMATION_FORMAT = dwarf;
				ENABLE_STRICT_OBJC_MSGSEND = YES;
				ENABLE_TESTABILITY = YES;
				GCC_C_LANGUAGE_STANDARD = gnu11;
				GCC_DYNAMIC_NO_PIC = NO;
				GCC_NO_COMMON_BLOCKS = YES;
				GCC_OPTIMIZATION_LEVEL = 0;
				GCC_PREPROCESSOR_DEFINITIONS = (
					"DEBUG=1",
					"$(inherited)",
				);
				GCC_WARN_64_TO_32_BIT_CONVERSION = YES;
				GCC_WARN_ABOUT_RETURN_TYPE = YES_ERROR;
				GCC_WARN_UNDECLARED_SELECTOR = YES;
				GCC_WARN_UNINITIALIZED_AUTOS = YES_AGGRESSIVE;
				GCC_WARN_UNUSED_FUNCTION = YES;
				GCC_WARN_UNUSED_VARIABLE = YES;
				IPHONEOS_DEPLOYMENT_TARGET = 14.3;
				MTL_ENABLE_DEBUG_INFO = INCLUDE_SOURCE;
				MTL_FAST_MATH = YES;
				ONLY_ACTIVE_ARCH = YES;
				SDKROOT = iphoneos;
				SWIFT_ACTIVE_COMPILATION_CONDITIONS = DEBUG;
				SWIFT_OPTIMIZATION_LEVEL = "-Onone";
			};
			name = Debug;
		};
		5E683364263512730017DAC9 /* Release */ = {
			isa = XCBuildConfiguration;
			buildSettings = {
				ALWAYS_SEARCH_USER_PATHS = NO;
				CLANG_ANALYZER_NONNULL = YES;
				CLANG_ANALYZER_NUMBER_OBJECT_CONVERSION = YES_AGGRESSIVE;
				CLANG_CXX_LANGUAGE_STANDARD = "gnu++14";
				CLANG_CXX_LIBRARY = "libc++";
				CLANG_ENABLE_MODULES = YES;
				CLANG_ENABLE_OBJC_ARC = YES;
				CLANG_ENABLE_OBJC_WEAK = YES;
				CLANG_WARN_BLOCK_CAPTURE_AUTORELEASING = YES;
				CLANG_WARN_BOOL_CONVERSION = YES;
				CLANG_WARN_COMMA = YES;
				CLANG_WARN_CONSTANT_CONVERSION = YES;
				CLANG_WARN_DEPRECATED_OBJC_IMPLEMENTATIONS = YES;
				CLANG_WARN_DIRECT_OBJC_ISA_USAGE = YES_ERROR;
				CLANG_WARN_DOCUMENTATION_COMMENTS = YES;
				CLANG_WARN_EMPTY_BODY = YES;
				CLANG_WARN_ENUM_CONVERSION = YES;
				CLANG_WARN_INFINITE_RECURSION = YES;
				CLANG_WARN_INT_CONVERSION = YES;
				CLANG_WARN_NON_LITERAL_NULL_CONVERSION = YES;
				CLANG_WARN_OBJC_IMPLICIT_RETAIN_SELF = YES;
				CLANG_WARN_OBJC_LITERAL_CONVERSION = YES;
				CLANG_WARN_OBJC_ROOT_CLASS = YES_ERROR;
				CLANG_WARN_QUOTED_INCLUDE_IN_FRAMEWORK_HEADER = YES;
				CLANG_WARN_RANGE_LOOP_ANALYSIS = YES;
				CLANG_WARN_STRICT_PROTOTYPES = YES;
				CLANG_WARN_SUSPICIOUS_MOVE = YES;
				CLANG_WARN_UNGUARDED_AVAILABILITY = YES_AGGRESSIVE;
				CLANG_WARN_UNREACHABLE_CODE = YES;
				CLANG_WARN__DUPLICATE_METHOD_MATCH = YES;
				COPY_PHASE_STRIP = NO;
				DEBUG_INFORMATION_FORMAT = "dwarf-with-dsym";
				ENABLE_NS_ASSERTIONS = NO;
				ENABLE_STRICT_OBJC_MSGSEND = YES;
				GCC_C_LANGUAGE_STANDARD = gnu11;
				GCC_NO_COMMON_BLOCKS = YES;
				GCC_WARN_64_TO_32_BIT_CONVERSION = YES;
				GCC_WARN_ABOUT_RETURN_TYPE = YES_ERROR;
				GCC_WARN_UNDECLARED_SELECTOR = YES;
				GCC_WARN_UNINITIALIZED_AUTOS = YES_AGGRESSIVE;
				GCC_WARN_UNUSED_FUNCTION = YES;
				GCC_WARN_UNUSED_VARIABLE = YES;
				IPHONEOS_DEPLOYMENT_TARGET = 14.3;
				MTL_ENABLE_DEBUG_INFO = NO;
				MTL_FAST_MATH = YES;
				SDKROOT = iphoneos;
				SWIFT_COMPILATION_MODE = wholemodule;
				SWIFT_OPTIMIZATION_LEVEL = "-O";
				VALIDATE_PRODUCT = YES;
			};
			name = Release;
		};
		5E683366263512730017DAC9 /* Debug */ = {
			isa = XCBuildConfiguration;
			buildSettings = {
				ASSETCATALOG_COMPILER_APPICON_NAME = AppIcon;
				ASSETCATALOG_COMPILER_GLOBAL_ACCENT_COLOR_NAME = AccentColor;
				CODE_SIGN_STYLE = Automatic;
				DEVELOPMENT_ASSET_PATHS = "\"SwiftPieChartDemo/Preview Content\"";
				ENABLE_PREVIEWS = YES;
				INFOPLIST_FILE = SwiftPieChartDemo/Info.plist;
				IPHONEOS_DEPLOYMENT_TARGET = 14.0;
				LD_RUNPATH_SEARCH_PATHS = (
					"$(inherited)",
					"@executable_path/Frameworks",
				);
				PRODUCT_BUNDLE_IDENTIFIER = uicomponents.SwiftPieChartDemo;
				PRODUCT_NAME = "$(TARGET_NAME)";
				SWIFT_VERSION = 5.0;
				TARGETED_DEVICE_FAMILY = "1,2";
			};
			name = Debug;
		};
		5E683367263512730017DAC9 /* Release */ = {
			isa = XCBuildConfiguration;
			buildSettings = {
				ASSETCATALOG_COMPILER_APPICON_NAME = AppIcon;
				ASSETCATALOG_COMPILER_GLOBAL_ACCENT_COLOR_NAME = AccentColor;
				CODE_SIGN_STYLE = Automatic;
				DEVELOPMENT_ASSET_PATHS = "\"SwiftPieChartDemo/Preview Content\"";
				ENABLE_PREVIEWS = YES;
				INFOPLIST_FILE = SwiftPieChartDemo/Info.plist;
				IPHONEOS_DEPLOYMENT_TARGET = 14.0;
				LD_RUNPATH_SEARCH_PATHS = (
					"$(inherited)",
					"@executable_path/Frameworks",
				);
				PRODUCT_BUNDLE_IDENTIFIER = uicomponents.SwiftPieChartDemo;
				PRODUCT_NAME = "$(TARGET_NAME)";
				SWIFT_VERSION = 5.0;
				TARGETED_DEVICE_FAMILY = "1,2";
			};
			name = Release;
		};
		5E683369263512730017DAC9 /* Debug */ = {
			isa = XCBuildConfiguration;
			buildSettings = {
				ALWAYS_EMBED_SWIFT_STANDARD_LIBRARIES = YES;
				BUNDLE_LOADER = "$(TEST_HOST)";
				CODE_SIGN_STYLE = Automatic;
				INFOPLIST_FILE = SwiftPieChartDemoTests/Info.plist;
				IPHONEOS_DEPLOYMENT_TARGET = 14.0;
				LD_RUNPATH_SEARCH_PATHS = (
					"$(inherited)",
					"@executable_path/Frameworks",
					"@loader_path/Frameworks",
				);
				PRODUCT_BUNDLE_IDENTIFIER = uicomponents.SwiftPieChartDemoTests;
				PRODUCT_NAME = "$(TARGET_NAME)";
				SWIFT_VERSION = 5.0;
				TARGETED_DEVICE_FAMILY = "1,2";
				TEST_HOST = "$(BUILT_PRODUCTS_DIR)/SwiftPieChartDemo.app/SwiftPieChartDemo";
			};
			name = Debug;
		};
		5E68336A263512730017DAC9 /* Release */ = {
			isa = XCBuildConfiguration;
			buildSettings = {
				ALWAYS_EMBED_SWIFT_STANDARD_LIBRARIES = YES;
				BUNDLE_LOADER = "$(TEST_HOST)";
				CODE_SIGN_STYLE = Automatic;
				INFOPLIST_FILE = SwiftPieChartDemoTests/Info.plist;
				IPHONEOS_DEPLOYMENT_TARGET = 14.0;
				LD_RUNPATH_SEARCH_PATHS = (
					"$(inherited)",
					"@executable_path/Frameworks",
					"@loader_path/Frameworks",
				);
				PRODUCT_BUNDLE_IDENTIFIER = uicomponents.SwiftPieChartDemoTests;
				PRODUCT_NAME = "$(TARGET_NAME)";
				SWIFT_VERSION = 5.0;
				TARGETED_DEVICE_FAMILY = "1,2";
				TEST_HOST = "$(BUILT_PRODUCTS_DIR)/SwiftPieChartDemo.app/SwiftPieChartDemo";
			};
			name = Release;
		};
		5E68336C263512730017DAC9 /* Debug */ = {
			isa = XCBuildConfiguration;
			buildSettings = {
				ALWAYS_EMBED_SWIFT_STANDARD_LIBRARIES = YES;
				CODE_SIGN_STYLE = Automatic;
				INFOPLIST_FILE = SwiftPieChartDemoUITests/Info.plist;
				LD_RUNPATH_SEARCH_PATHS = (
					"$(inherited)",
					"@executable_path/Frameworks",
					"@loader_path/Frameworks",
				);
				PRODUCT_BUNDLE_IDENTIFIER = uicomponents.SwiftPieChartDemoUITests;
				PRODUCT_NAME = "$(TARGET_NAME)";
				SWIFT_VERSION = 5.0;
				TARGETED_DEVICE_FAMILY = "1,2";
				TEST_TARGET_NAME = SwiftPieChartDemo;
			};
			name = Debug;
		};
		5E68336D263512730017DAC9 /* Release */ = {
			isa = XCBuildConfiguration;
			buildSettings = {
				ALWAYS_EMBED_SWIFT_STANDARD_LIBRARIES = YES;
				CODE_SIGN_STYLE = Automatic;
				INFOPLIST_FILE = SwiftPieChartDemoUITests/Info.plist;
				LD_RUNPATH_SEARCH_PATHS = (
					"$(inherited)",
					"@executable_path/Frameworks",
					"@loader_path/Frameworks",
				);
				PRODUCT_BUNDLE_IDENTIFIER = uicomponents.SwiftPieChartDemoUITests;
				PRODUCT_NAME = "$(TARGET_NAME)";
				SWIFT_VERSION = 5.0;
				TARGETED_DEVICE_FAMILY = "1,2";
				TEST_TARGET_NAME = SwiftPieChartDemo;
			};
			name = Release;
		};
/* End XCBuildConfiguration section */

/* Begin XCConfigurationList section */
		5E68333B263512700017DAC9 /* Build configuration list for PBXProject "SwiftPieChartDemo" */ = {
			isa = XCConfigurationList;
			buildConfigurations = (
				5E683363263512730017DAC9 /* Debug */,
				5E683364263512730017DAC9 /* Release */,
			);
			defaultConfigurationIsVisible = 0;
			defaultConfigurationName = Release;
		};
		5E683365263512730017DAC9 /* Build configuration list for PBXNativeTarget "SwiftPieChartDemo" */ = {
			isa = XCConfigurationList;
			buildConfigurations = (
				5E683366263512730017DAC9 /* Debug */,
				5E683367263512730017DAC9 /* Release */,
			);
			defaultConfigurationIsVisible = 0;
			defaultConfigurationName = Release;
		};
		5E683368263512730017DAC9 /* Build configuration list for PBXNativeTarget "SwiftPieChartDemoTests" */ = {
			isa = XCConfigurationList;
			buildConfigurations = (
				5E683369263512730017DAC9 /* Debug */,
				5E68336A263512730017DAC9 /* Release */,
			);
			defaultConfigurationIsVisible = 0;
			defaultConfigurationName = Release;
		};
		5E68336B263512730017DAC9 /* Build configuration list for PBXNativeTarget "SwiftPieChartDemoUITests" */ = {
			isa = XCConfigurationList;
			buildConfigurations = (
				5E68336C263512730017DAC9 /* Debug */,
				5E68336D263512730017DAC9 /* Release */,
			);
			defaultConfigurationIsVisible = 0;
			defaultConfigurationName = Release;
		};
/* End XCConfigurationList section */

/* Begin XCRemoteSwiftPackageReference section */
		5E683371263513D10017DAC9 /* XCRemoteSwiftPackageReference "SwiftPieChart" */ = {
			isa = XCRemoteSwiftPackageReference;
			repositoryURL = "https://github.com/ilamanov/SwiftPieChart";
			requirement = {
				kind = upToNextMajorVersion;
				minimumVersion = 1.0.0;
			};
		};
/* End XCRemoteSwiftPackageReference section */

/* Begin XCSwiftPackageProductDependency section */
		5E683372263513D10017DAC9 /* SwiftPieChart */ = {
			isa = XCSwiftPackageProductDependency;
			package = 5E683371263513D10017DAC9 /* XCRemoteSwiftPackageReference "SwiftPieChart" */;
			productName = SwiftPieChart;
		};
/* End XCSwiftPackageProductDependency section */
	};
	rootObject = 5E683338263512700017DAC9 /* Project object */;
}
